version = 1
revision = 2
requires-python = ">=3.9"
resolution-markers = [
    "python_full_version >= '3.10'",
    "python_full_version < '3.10'",
]

[[package]]
name = "colorama"
version = "0.4.6"
source = { registry = "https://pypi.org/simple" }
sdist = { url = "https://files.pythonhosted.org/packages/d8/53/6f443c9a4a8358a93a6792e2acffb9d9d5cb0a5cfd8802644b7b1c9a02e4/colorama-0.4.6.tar.gz", hash = "sha256:08695f5cb7ed6e0531a20572697297273c47b8cae5a63ffc6d6ed5c201be6e44", size = 27697, upload-time = "2022-10-25T02:36:22.414Z" }
wheels = [
    { url = "https://files.pythonhosted.org/packages/d1/d6/3965ed04c63042e047cb6a3e6ed1a63a35087b6a609aa3a15ed8ac56c221/colorama-0.4.6-py2.py3-none-any.whl", hash = "sha256:4f1d9991f5acc0ca119f9d443620b77f9d6b33703e51011c16baf57afb285fc6", size = 25335, upload-time = "2022-10-25T02:36:20.889Z" },
]

[[package]]
name = "exceptiongroup"
version = "1.3.1"
source = { registry = "https://pypi.org/simple" }
dependencies = [
    { name = "typing-extensions", marker = "python_full_version < '3.13'" },
]
sdist = { url = "https://files.pythonhosted.org/packages/50/79/66800aadf48771f6b62f7eb014e352e5d06856655206165d775e675a02c9/exceptiongroup-1.3.1.tar.gz", hash = "sha256:8b412432c6055b0b7d14c310000ae93352ed6754f70fa8f7c34141f91c4e3219", size = 30371, upload-time = "2025-11-21T23:01:54.787Z" }
wheels = [
    { url = "https://files.pythonhosted.org/packages/8a/0e/97c33bf5009bdbac74fd2beace167cab3f978feb69cc36f1ef79360d6c4e/exceptiongroup-1.3.1-py3-none-any.whl", hash = "sha256:a7a39a3bd276781e98394987d3a5701d0c4edffb633bb7a5144577f82c773598", size = 16740, upload-time = "2025-11-21T23:01:53.443Z" },
]

[[package]]
name = "iniconfig"
version = "2.1.0"
source = { registry = "https://pypi.org/simple" }
resolution-markers = [
    "python_full_version < '3.10'",
]
sdist = { url = "https://files.pythonhosted.org/packages/f2/97/ebf4da567aa6827c909642694d71c9fcf53e5b504f2d96afea02718862f3/iniconfig-2.1.0.tar.gz", hash = "sha256:3abbd2e30b36733fee78f9c7f7308f2d0050e88f0087fd25c2645f63c773e1c7", size = 4793, upload-time = "2025-03-19T20:09:59.721Z" }
wheels = [
    { url = "https://files.pythonhosted.org/packages/2c/e1/e6716421ea10d38022b952c159d5161ca1193197fb744506875fbb87ea7b/iniconfig-2.1.0-py3-none-any.whl", hash = "sha256:9deba5723312380e77435581c6bf4935c94cbfab9b1ed33ef8d238ea168eb760", size = 6050, upload-time = "2025-03-19T20:10:01.071Z" },
]

[[package]]
name = "iniconfig"
version = "2.3.0"
source = { registry = "https://pypi.org/simple" }
resolution-markers = [
    "python_full_version >= '3.10'",
]
sdist = { url = "https://files.pythonhosted.org/packages/72/34/14ca021ce8e5dfedc35312d08ba8bf51fdd999c576889fc2c24cb97f4f10/iniconfig-2.3.0.tar.gz", hash = "sha256:c76315c77db068650d49c5b56314774a7804df16fee4402c1f19d6d15d8c4730", size = 20503, upload-time = "2025-10-18T21:55:43.219Z" }
wheels = [
    { url = "https://files.pythonhosted.org/packages/cb/b1/3846dd7f199d53cb17f49cba7e651e9ce294d8497c8c150530ed11865bb8/iniconfig-2.3.0-py3-none-any.whl", hash = "sha256:f631c04d2c48c52b84d0d0549c99ff3859c98df65b3101406327ecc7d53fbf12", size = 7484, upload-time = "2025-10-18T21:55:41.639Z" },
]

[[package]]
name = "packaging"
version = "26.2"
source = { registry = "https://pypi.org/simple" }
sdist = { url = "https://files.pythonhosted.org/packages/d7/f1/e7a6dd94a8d4a5626c03e4e99c87f241ba9e350cd9e6d75123f992427270/packaging-26.2.tar.gz", hash = "sha256:ff452ff5a3e828ce110190feff1178bb1f2ea2281fa2075aadb987c2fb221661", size = 228134, upload-time = "2026-04-24T20:15:23.917Z" }
wheels = [
    { url = "https://files.pythonhosted.org/packages/df/b2/87e62e8c3e2f4b32e5fe99e0b86d576da1312593b39f47d8ceef365e95ed/packaging-26.2-py3-none-any.whl", hash = "sha256:5fc45236b9446107ff2415ce77c807cee2862cb6fac22b8a73826d0693b0980e", size = 100195, upload-time = "2026-04-24T20:15:22.081Z" },
]

[[package]]
name = "pluggy"
version = "1.6.0"
source = { registry = "https://pypi.org/simple" }
sdist = { url = "https://files.pythonhosted.org/packages/f9/e2/3e91f31a7d2b083fe6ef3fa267035b518369d9511ffab804f839851d2779/pluggy-1.6.0.tar.gz", hash = "sha256:7dcc130b76258d33b90f61b658791dede3486c3e6bfb003ee5c9bfb396dd22f3", size = 69412, upload-time = "2025-05-15T12:30:07.975Z" }
wheels = [
    { url = "https://files.pythonhosted.org/packages/54/20/4d324d65cc6d9205fabedc306948156824eb9f0ee1633355a8f7ec5c66bf/pluggy-1.6.0-py3-none-any.whl", hash = "sha256:e920276dd6813095e9377c0bc5566d94c932c33b27a3e3945d8389c374dd4746", size = 20538, upload-time = "2025-05-15T12:30:06.134Z" },
]

[[package]]
name = "pyarrow"
version = "20.0.0"
source = { registry = "https://pypi.org/simple" }
sdist = { url = "https://files.pythonhosted.org/packages/a2/ee/a7810cb9f3d6e9238e61d312076a9859bf3668fd21c69744de9532383912/pyarrow-20.0.0.tar.gz", hash = "sha256:febc4a913592573c8d5805091a6c2b5064c8bd6e002131f01061797d91c783c1", size = 1125187, upload-time = "2025-04-27T12:34:23.264Z" }
wheels = [
    { url = "https://files.pythonhosted.org/packages/5b/23/77094eb8ee0dbe88441689cb6afc40ac312a1e15d3a7acc0586999518222/pyarrow-20.0.0-cp310-cp310-macosx_12_0_arm64.whl", hash = "sha256:c7dd06fd7d7b410ca5dc839cc9d485d2bc4ae5240851bcd45d85105cc90a47d7", size = 30832591, upload-time = "2025-04-27T12:27:27.89Z" },
    { url = "https://files.pythonhosted.org/packages/c3/d5/48cc573aff00d62913701d9fac478518f693b30c25f2c157550b0b2565cb/pyarrow-20.0.0-cp310-cp310-macosx_12_0_x86_64.whl", hash = "sha256:d5382de8dc34c943249b01c19110783d0d64b207167c728461add1ecc2db88e4", size = 32273686, upload-time = "2025-04-27T12:27:36.816Z" },
    { url = "https://files.pythonhosted.org/packages/37/df/4099b69a432b5cb412dd18adc2629975544d656df3d7fda6d73c5dba935d/pyarrow-20.0.0-cp310-cp310-manylinux_2_17_aarch64.manylinux2014_aarch64.whl", hash = "sha256:6415a0d0174487456ddc9beaead703d0ded5966129fa4fd3114d76b5d1c5ceae", size = 41337051, upload-time = "2025-04-27T12:27:44.4Z" },
    { url = "https://files.pythonhosted.org/packages/4c/27/99922a9ac1c9226f346e3a1e15e63dee6f623ed757ff2893f9d6994a69d3/pyarrow-20.0.0-cp310-cp310-manylinux_2_17_x86_64.manylinux2014_x86_64.whl", hash = "sha256:15aa1b3b2587e74328a730457068dc6c89e6dcbf438d4369f572af9d320a25ee", size = 42404659, upload-time = "2025-04-27T12:27:51.715Z" },
    { url = "https://files.pythonhosted.org/packages/21/d1/71d91b2791b829c9e98f1e0d85be66ed93aff399f80abb99678511847eaa/pyarrow-20.0.0-cp310-cp310-manylinux_2_28_aarch64.whl", hash = "sha256:5605919fbe67a7948c1f03b9f3727d82846c053cd2ce9303ace791855923fd20", size = 40695446, upload-time = "2025-04-27T12:27:59.643Z" },
    { url = "https://files.pythonhosted.org/packages/f1/ca/ae10fba419a6e94329707487835ec721f5a95f3ac9168500bcf7aa3813c7/pyarrow-20.0.0-cp310-cp310-manylinux_2_28_x86_64.whl", hash = "sha256:a5704f29a74b81673d266e5ec1fe376f060627c2e42c5c7651288ed4b0db29e9", size = 42278528, upload-time = "2025-04-27T12:28:07.297Z" },
    { url = "https://files.pythonhosted.org/packages/7a/a6/aba40a2bf01b5d00cf9cd16d427a5da1fad0fb69b514ce8c8292ab80e968/pyarrow-20.0.0-cp310-cp310-musllinux_1_2_aarch64.whl", hash = "sha256:00138f79ee1b5aca81e2bdedb91e3739b987245e11fa3c826f9e57c5d102fb75", size = 42918162, upload-time = "2025-04-27T12:28:15.716Z" },
    { url = "https://files.pythonhosted.org/packages/93/6b/98b39650cd64f32bf2ec6d627a9bd24fcb3e4e6ea1873c5e1ea8a83b1a18/pyarrow-20.0.0-cp310-cp310-musllinux_1_2_x86_64.whl", hash = "sha256:f2d67ac28f57a362f1a2c1e6fa98bfe2f03230f7e15927aecd067433b1e70ce8", size = 44550319, upload-time = "2025-04-27T12:28:27.026Z" },
    { url = "https://files.pythonhosted.org/packages/ab/32/340238be1eb5037e7b5de7e640ee22334417239bc347eadefaf8c373936d/pyarrow-20.0.0-cp310-cp310-win_amd64.whl", hash = "sha256:4a8b029a07956b8d7bd742ffca25374dd3f634b35e46cc7a7c3fa4c75b297191", size = 25770759, upload-time = "2025-04-27T12:28:33.702Z" },
    { url = "https://files.pythonhosted.org/packages/47/a2/b7930824181ceadd0c63c1042d01fa4ef63eee233934826a7a2a9af6e463/pyarrow-20.0.0-cp311-cp311-macosx_12_0_arm64.whl", hash = "sha256:24ca380585444cb2a31324c546a9a56abbe87e26069189e14bdba19c86c049f0", size = 30856035, upload-time = "2025-04-27T12:28:40.78Z" },
    { url = "https://files.pythonhosted.org/packages/9b/18/c765770227d7f5bdfa8a69f64b49194352325c66a5c3bb5e332dfd5867d9/pyarrow-20.0.0-cp311-cp311-macosx_12_0_x86_64.whl", hash = "sha256:95b330059ddfdc591a3225f2d272123be26c8fa76e8c9ee1a77aad507361cfdb", size = 32309552, upload-time = "2025-04-27T12:28:47.051Z" },
    { url = "https://files.pythonhosted.org/packages/44/fb/dfb2dfdd3e488bb14f822d7335653092dde150cffc2da97de6e7500681f9/pyarrow-20.0.0-cp311-cp311-manylinux_2_17_aarch64.manylinux2014_aarch64.whl", hash = "sha256:5f0fb1041267e9968c6d0d2ce3ff92e3928b243e2b6d11eeb84d9ac547308232", size = 41334704, upload-time = "2025-04-27T12:28:55.064Z" },
    { url = "https://files.pythonhosted.org/packages/58/0d/08a95878d38808051a953e887332d4a76bc06c6ee04351918ee1155407eb/pyarrow-20.0.0-cp311-cp311-manylinux_2_17_x86_64.manylinux2014_x86_64.whl", hash = "sha256:b8ff87cc837601532cc8242d2f7e09b4e02404de1b797aee747dd4ba4bd6313f", size = 42399836, upload-time = "2025-04-27T12:29:02.13Z" },
    { url = "https://files.pythonhosted.org/packages/f3/cd/efa271234dfe38f0271561086eedcad7bc0f2ddd1efba423916ff0883684/pyarrow-20.0.0-cp311-cp311-manylinux_2_28_aarch64.whl", hash = "sha256:7a3a5dcf54286e6141d5114522cf31dd67a9e7c9133d150799f30ee302a7a1ab", size = 40711789, upload-time = "2025-04-27T12:29:09.951Z" },
    { url = "https://files.pythonhosted.org/packages/46/1f/7f02009bc7fc8955c391defee5348f510e589a020e4b40ca05edcb847854/pyarrow-20.0.0-cp311-cp311-manylinux_2_28_x86_64.whl", hash = "sha256:a6ad3e7758ecf559900261a4df985662df54fb7fdb55e8e3b3aa99b23d526b62", size = 42301124, upload-time = "2025-04-27T12:29:17.187Z" },
    { url = "https://files.pythonhosted.org/packages/4f/92/692c562be4504c262089e86757a9048739fe1acb4024f92d39615e7bab3f/pyarrow-20.0.0-cp311-cp311-musllinux_1_2_aarch64.whl", hash = "sha256:6bb830757103a6cb300a04610e08d9636f0cd223d32f388418ea893a3e655f1c", size = 42916060, upload-time = "2025-04-27T12:29:24.253Z" },
    { url = "https://files.pythonhosted.org/packages/a4/ec/9f5c7e7c828d8e0a3c7ef50ee62eca38a7de2fa6eb1b8fa43685c9414fef/pyarrow-20.0.0-cp311-cp311-musllinux_1_2_x86_64.whl", hash = "sha256:96e37f0766ecb4514a899d9a3554fadda770fb57ddf42b63d80f14bc20aa7db3", size = 44547640, upload-time = "2025-04-27T12:29:32.782Z" },
    { url = "https://files.pythonhosted.org/packages/54/96/46613131b4727f10fd2ffa6d0d6f02efcc09a0e7374eff3b5771548aa95b/pyarrow-20.0.0-cp311-cp311-win_amd64.whl", hash = "sha256:3346babb516f4b6fd790da99b98bed9708e3f02e734c84971faccb20736848dc", size = 25781491, upload-time = "2025-04-27T12:29:38.464Z" },
    { url = "https://files.pythonhosted.org/packages/a1/d6/0c10e0d54f6c13eb464ee9b67a68b8c71bcf2f67760ef5b6fbcddd2ab05f/pyarrow-20.0.0-cp312-cp312-macosx_12_0_arm64.whl", hash = "sha256:75a51a5b0eef32727a247707d4755322cb970be7e935172b6a3a9f9ae98404ba", size = 30815067, upload-time = "2025-04-27T12:29:44.384Z" },
    { url = "https://files.pythonhosted.org/packages/7e/e2/04e9874abe4094a06fd8b0cbb0f1312d8dd7d707f144c2ec1e5e8f452ffa/pyarrow-20.0.0-cp312-cp312-macosx_12_0_x86_64.whl", hash = "sha256:211d5e84cecc640c7a3ab900f930aaff5cd2702177e0d562d426fb7c4f737781", size = 32297128, upload-time = "2025-04-27T12:29:52.038Z" },
    { url = "https://files.pythonhosted.org/packages/31/fd/c565e5dcc906a3b471a83273039cb75cb79aad4a2d4a12f76cc5ae90a4b8/pyarrow-20.0.0-cp312-cp312-manylinux_2_17_aarch64.manylinux2014_aarch64.whl", hash = "sha256:4ba3cf4182828be7a896cbd232aa8dd6a31bd1f9e32776cc3796c012855e1199", size = 41334890, upload-time = "2025-04-27T12:29:59.452Z" },
    { url = "https://files.pythonhosted.org/packages/af/a9/3bdd799e2c9b20c1ea6dc6fa8e83f29480a97711cf806e823f808c2316ac/pyarrow-20.0.0-cp312-cp312-manylinux_2_17_x86_64.manylinux2014_x86_64.whl", hash = "sha256:2c3a01f313ffe27ac4126f4c2e5ea0f36a5fc6ab51f8726cf41fee4b256680bd", size = 42421775, upload-time = "2025-04-27T12:30:06.875Z" },
    { url = "https://files.pythonhosted.org/packages/10/f7/da98ccd86354c332f593218101ae56568d5dcedb460e342000bd89c49cc1/pyarrow-20.0.0-cp312-cp312-manylinux_2_28_aarch64.whl", hash = "sha256:a2791f69ad72addd33510fec7bb14ee06c2a448e06b649e264c094c5b5f7ce28", size = 40687231, upload-time = "2025-04-27T12:30:13.954Z" },
    { url = "https://files.pythonhosted.org/packages/bb/1b/2168d6050e52ff1e6cefc61d600723870bf569cbf41d13db939c8cf97a16/pyarrow-20.0.0-cp312-cp312-manylinux_2_28_x86_64.whl", hash = "sha256:4250e28a22302ce8692d3a0e8ec9d9dde54ec00d237cff4dfa9c1fbf79e472a8", size = 42295639, upload-time = "2025-04-27T12:30:21.949Z" },
    { url = "https://files.pythonhosted.org/packages/b2/66/2d976c0c7158fd25591c8ca55aee026e6d5745a021915a1835578707feb3/pyarrow-20.0.0-cp312-cp312-musllinux_1_2_aarch64.whl", hash = "sha256:89e030dc58fc760e4010148e6ff164d2f44441490280ef1e97a542375e41058e", size = 42908549, upload-time = "2025-04-27T12:30:29.551Z" },
    { url = "https://files.pythonhosted.org/packages/31/a9/dfb999c2fc6911201dcbf348247f9cc382a8990f9ab45c12eabfd7243a38/pyarrow-20.0.0-cp312-cp312-musllinux_1_2_x86_64.whl", hash = "sha256:6102b4864d77102dbbb72965618e204e550135a940c2534711d5ffa787df2a5a", size = 44557216, upload-time = "2025-04-27T12:30:36.977Z" },
    { url = "https://files.pythonhosted.org/packages/a0/8e/9adee63dfa3911be2382fb4d92e4b2e7d82610f9d9f668493bebaa2af50f/pyarrow-20.0.0-cp312-cp312-win_amd64.whl", hash = "sha256:96d6a0a37d9c98be08f5ed6a10831d88d52cac7b13f5287f1e0f625a0de8062b", size = 25660496, upload-time = "2025-04-27T12:30:42.809Z" },
    { url = "https://files.pythonhosted.org/packages/9b/aa/daa413b81446d20d4dad2944110dcf4cf4f4179ef7f685dd5a6d7570dc8e/pyarrow-20.0.0-cp313-cp313-macosx_12_0_arm64.whl", hash = "sha256:a15532e77b94c61efadde86d10957950392999503b3616b2ffcef7621a002893", size = 30798501, upload-time = "2025-04-27T12:30:48.351Z" },
    { url = "https://files.pythonhosted.org/packages/ff/75/2303d1caa410925de902d32ac215dc80a7ce7dd8dfe95358c165f2adf107/pyarrow-20.0.0-cp313-cp313-macosx_12_0_x86_64.whl", hash = "sha256:dd43f58037443af715f34f1322c782ec463a3c8a94a85fdb2d987ceb5658e061", size = 32277895, upload-time = "2025-04-27T12:30:55.238Z" },
    { url = "https://files.pythonhosted.org/packages/92/41/fe18c7c0b38b20811b73d1bdd54b1fccba0dab0e51d2048878042d84afa8/pyarrow-20.0.0-cp313-cp313-manylinux_2_17_aarch64.manylinux2014_aarch64.whl", hash = "sha256:aa0d288143a8585806e3cc7c39566407aab646fb9ece164609dac1cfff45f6ae", size = 41327322, upload-time = "2025-04-27T12:31:05.587Z" },
    { url = "https://files.pythonhosted.org/packages/da/ab/7dbf3d11db67c72dbf36ae63dcbc9f30b866c153b3a22ef728523943eee6/pyarrow-20.0.0-cp313-cp313-manylinux_2_17_x86_64.manylinux2014_x86_64.whl", hash = "sha256:b6953f0114f8d6f3d905d98e987d0924dabce59c3cda380bdfaa25a6201563b4", size = 42411441, upload-time = "2025-04-27T12:31:15.675Z" },
    { url = "https://files.pythonhosted.org/packages/90/c3/0c7da7b6dac863af75b64e2f827e4742161128c350bfe7955b426484e226/pyarrow-20.0.0-cp313-cp313-manylinux_2_28_aarch64.whl", hash = "sha256:991f85b48a8a5e839b2128590ce07611fae48a904cae6cab1f089c5955b57eb5", size = 40677027, upload-time = "2025-04-27T12:31:24.631Z" },
    { url = "https://files.pythonhosted.org/packages/be/27/43a47fa0ff9053ab5203bb3faeec435d43c0d8bfa40179bfd076cdbd4e1c/pyarrow-20.0.0-cp313-cp313-manylinux_2_28_x86_64.whl", hash = "sha256:97c8dc984ed09cb07d618d57d8d4b67a5100a30c3818c2fb0b04599f0da2de7b", size = 42281473, upload-time = "2025-04-27T12:31:31.311Z" },
    { url = "https://files.pythonhosted.org/packages/bc/0b/d56c63b078876da81bbb9ba695a596eabee9b085555ed12bf6eb3b7cab0e/pyarrow-20.0.0-cp313-cp313-musllinux_1_2_aarch64.whl", hash = "sha256:9b71daf534f4745818f96c214dbc1e6124d7daf059167330b610fc69b6f3d3e3", size = 42893897, upload-time = "2025-04-27T12:31:39.406Z" },
    { url = "https://files.pythonhosted.org/packages/92/ac/7d4bd020ba9145f354012838692d48300c1b8fe5634bfda886abcada67ed/pyarrow-20.0.0-cp313-cp313-musllinux_1_2_x86_64.whl", hash = "sha256:e8b88758f9303fa5a83d6c90e176714b2fd3852e776fc2d7e42a22dd6c2fb368", size = 44543847, upload-time = "2025-04-27T12:31:45.997Z" },
    { url = "https://files.pythonhosted.org/packages/9d/07/290f4abf9ca702c5df7b47739c1b2c83588641ddfa2cc75e34a301d42e55/pyarrow-20.0.0-cp313-cp313-win_amd64.whl", hash = "sha256:30b3051b7975801c1e1d387e17c588d8ab05ced9b1e14eec57915f79869b5031", size = 25653219, upload-time = "2025-04-27T12:31:54.11Z" },
    { url = "https://files.pythonhosted.org/packages/95/df/720bb17704b10bd69dde086e1400b8eefb8f58df3f8ac9cff6c425bf57f1/pyarrow-20.0.0-cp313-cp313t-macosx_12_0_arm64.whl", hash = "sha256:ca151afa4f9b7bc45bcc791eb9a89e90a9eb2772767d0b1e5389609c7d03db63", size = 30853957, upload-time = "2025-04-27T12:31:59.215Z" },
    { url = "https://files.pythonhosted.org/packages/d9/72/0d5f875efc31baef742ba55a00a25213a19ea64d7176e0fe001c5d8b6e9a/pyarrow-20.0.0-cp313-cp313t-macosx_12_0_x86_64.whl", hash = "sha256:4680f01ecd86e0dd63e39eb5cd59ef9ff24a9d166db328679e36c108dc993d4c", size = 32247972, upload-time = "2025-04-27T12:32:05.369Z" },
    { url = "https://files.pythonhosted.org/packages/d5/bc/e48b4fa544d2eea72f7844180eb77f83f2030b84c8dad860f199f94307ed/pyarrow-20.0.0-cp313-cp313t-manylinux_2_17_aarch64.manylinux2014_aarch64.whl", hash = "sha256:7f4c8534e2ff059765647aa69b75d6543f9fef59e2cd4c6d18015192565d2b70", size = 41256434, upload-time = "2025-04-27T12:32:11.814Z" },
    { url = "https://files.pythonhosted.org/packages/c3/01/974043a29874aa2cf4f87fb07fd108828fc7362300265a2a64a94965e35b/pyarrow-20.0.0-cp313-cp313t-manylinux_2_17_x86_64.manylinux2014_x86_64.whl", hash = "sha256:3e1f8a47f4b4ae4c69c4d702cfbdfe4d41e18e5c7ef6f1bb1c50918c1e81c57b", size = 42353648, upload-time = "2025-04-27T12:32:20.766Z" },
    { url = "https://files.pythonhosted.org/packages/68/95/cc0d3634cde9ca69b0e51cbe830d8915ea32dda2157560dda27ff3b3337b/pyarrow-20.0.0-cp313-cp313t-manylinux_2_28_aarch64.whl", hash = "sha256:a1f60dc14658efaa927f8214734f6a01a806d7690be4b3232ba526836d216122", size = 40619853, upload-time = "2025-04-27T12:32:28.1Z" },
    { url = "https://files.pythonhosted.org/packages/29/c2/3ad40e07e96a3e74e7ed7cc8285aadfa84eb848a798c98ec0ad009eb6bcc/pyarrow-20.0.0-cp313-cp313t-manylinux_2_28_x86_64.whl", hash = "sha256:204a846dca751428991346976b914d6d2a82ae5b8316a6ed99789ebf976551e6", size = 42241743, upload-time = "2025-04-27T12:32:35.792Z" },
    { url = "https://files.pythonhosted.org/packages/eb/cb/65fa110b483339add6a9bc7b6373614166b14e20375d4daa73483755f830/pyarrow-20.0.0-cp313-cp313t-musllinux_1_2_aarch64.whl", hash = "sha256:f3b117b922af5e4c6b9a9115825726cac7d8b1421c37c2b5e24fbacc8930612c", size = 42839441, upload-time = "2025-04-27T12:32:46.64Z" },
    { url = "https://files.pythonhosted.org/packages/98/7b/f30b1954589243207d7a0fbc9997401044bf9a033eec78f6cb50da3f304a/pyarrow-20.0.0-cp313-cp313t-musllinux_1_2_x86_64.whl", hash = "sha256:e724a3fd23ae5b9c010e7be857f4405ed5e679db5c93e66204db1a69f733936a", size = 44503279, upload-time = "2025-04-27T12:32:56.503Z" },
    { url = "https://files.pythonhosted.org/packages/37/40/ad395740cd641869a13bcf60851296c89624662575621968dcfafabaa7f6/pyarrow-20.0.0-cp313-cp313t-win_amd64.whl", hash = "sha256:82f1ee5133bd8f49d31be1299dc07f585136679666b502540db854968576faf9", size = 25944982, upload-time = "2025-04-27T12:33:04.72Z" },
    { url = "https://files.pythonhosted.org/packages/10/53/421820fa125138c868729b930d4bc487af2c4b01b1c6104818aab7e98f13/pyarrow-20.0.0-cp39-cp39-macosx_12_0_arm64.whl", hash = "sha256:1bcbe471ef3349be7714261dea28fe280db574f9d0f77eeccc195a2d161fd861", size = 30844702, upload-time = "2025-04-27T12:33:12.122Z" },
    { url = "https://files.pythonhosted.org/packages/2e/70/fd75e03312b715e90d928fb91ed8d45c9b0520346e5231b1c69293afd4c7/pyarrow-20.0.0-cp39-cp39-macosx_12_0_x86_64.whl", hash = "sha256:a18a14baef7d7ae49247e75641fd8bcbb39f44ed49a9fc4ec2f65d5031aa3b96", size = 32287180, upload-time = "2025-04-27T12:33:20.597Z" },
    { url = "https://files.pythonhosted.org/packages/c4/e3/21e5758e46219fdedf5e6c800574dd9d17e962e80014cfe08d6d475be863/pyarrow-20.0.0-cp39-cp39-manylinux_2_17_aarch64.manylinux2014_aarch64.whl", hash = "sha256:cb497649e505dc36542d0e68eca1a3c94ecbe9799cb67b578b55f2441a247fbc", size = 41351968, upload-time = "2025-04-27T12:33:28.215Z" },
    { url = "https://files.pythonhosted.org/packages/ac/f5/ed6a4c4b11f9215092a35097a985485bb7d879cb79d93d203494e8604f4e/pyarrow-20.0.0-cp39-cp39-manylinux_2_17_x86_64.manylinux2014_x86_64.whl", hash = "sha256:11529a2283cb1f6271d7c23e4a8f9f8b7fd173f7360776b668e509d712a02eec", size = 42415208, upload-time = "2025-04-27T12:33:37.04Z" },
    { url = "https://files.pythonhosted.org/packages/44/e5/466a63668ba25788ee8d38d55f853a60469ae7ad1cda343db9f3f45e0b0a/pyarrow-20.0.0-cp39-cp39-manylinux_2_28_aarch64.whl", hash = "sha256:6fc1499ed3b4b57ee4e090e1cea6eb3584793fe3d1b4297bbf53f09b434991a5", size = 40708556, upload-time = "2025-04-27T12:33:46.483Z" },
    { url = "https://files.pythonhosted.org/packages/e8/d7/4c4d4e4cf6e53e16a519366dfe9223ee4a7a38e6e28c1c0d372b38ba3fe7/pyarrow-20.0.0-cp39-cp39-manylinux_2_28_x86_64.whl", hash = "sha256:db53390eaf8a4dab4dbd6d93c85c5cf002db24902dbff0ca7d988beb5c9dd15b", size = 42291754, upload-time = "2025-04-27T12:33:55.4Z" },
    { url = "https://files.pythonhosted.org/packages/07/d5/79effb32585b7c18897d3047a2163034f3f9c944d12f7b2fd8df6a2edc70/pyarrow-20.0.0-cp39-cp39-musllinux_1_2_aarch64.whl", hash = "sha256:851c6a8260ad387caf82d2bbf54759130534723e37083111d4ed481cb253cc0d", size = 42936483, upload-time = "2025-04-27T12:34:03.694Z" },
    { url = "https://files.pythonhosted.org/packages/09/5c/f707603552c058b2e9129732de99a67befb1f13f008cc58856304a62c38b/pyarrow-20.0.0-cp39-cp39-musllinux_1_2_x86_64.whl", hash = "sha256:e22f80b97a271f0a7d9cd07394a7d348f80d3ac63ed7cc38b6d1b696ab3b2619", size = 44558895, upload-time = "2025-04-27T12:34:13.26Z" },
    { url = "https://files.pythonhosted.org/packages/26/cc/1eb6a01c1bbc787f596c270c46bcd2273e35154a84afcb1d0cb4cc72457e/pyarrow-20.0.0-cp39-cp39-win_amd64.whl", hash = "sha256:9965a050048ab02409fb7cbbefeedba04d3d67f2cc899eff505cc084345959ca", size = 25785667, upload-time = "2025-04-27T12:34:19.739Z" },
]

[[package]]
name = "pygments"
version = "2.20.0"
source = { registry = "https://pypi.org/simple" }
sdist = { url = "https://files.pythonhosted.org/packages/c3/b2/bc9c9196916376152d655522fdcebac55e66de6603a76a02bca1b6414f6c/pygments-2.20.0.tar.gz", hash = "sha256:6757cd03768053ff99f3039c1a36d6c0aa0b263438fcab17520b30a303a82b5f", size = 4955991, upload-time = "2026-03-29T13:29:33.898Z" }
wheels = [
    { url = "https://files.pythonhosted.org/packages/f4/7e/a72dd26f3b0f4f2bf1dd8923c85f7ceb43172af56d63c7383eb62b332364/pygments-2.20.0-py3-none-any.whl", hash = "sha256:81a9e26dd42fd28a23a2d169d86d7ac03b46e2f8b59ed4698fb4785f946d0176", size = 1231151, upload-time = "2026-03-29T13:29:30.038Z" },
]

[[package]]
name = "pytest"
version = "8.4.2"
source = { registry = "https://pypi.org/simple" }
resolution-markers = [
    "python_full_version < '3.10'",
]
dependencies = [
    { name = "colorama", marker = "python_full_version < '3.10' and sys_platform == 'win32'" },
    { name = "exceptiongroup", marker = "python_full_version < '3.10'" },
    { name = "iniconfig", version = "2.1.0", source = { registry = "https://pypi.org/simple" }, marker = "python_full_version < '3.10'" },
    { name = "packaging", marker = "python_full_version < '3.10'" },
    { name = "pluggy", marker = "python_full_version < '3.10'" },
    { name = "pygments", marker = "python_full_version < '3.10'" },
    { name = "tomli", marker = "python_full_version < '3.10'" },
]
sdist = { url = "https://files.pythonhosted.org/packages/a3/5c/00a0e072241553e1a7496d638deababa67c5058571567b92a7eaa258397c/pytest-8.4.2.tar.gz", hash = "sha256:86c0d0b93306b961d58d62a4db4879f27fe25513d4b969df351abdddb3c30e01", size = 1519618, upload-time = "2025-09-04T14:34:22.711Z" }
wheels = [
    { url = "https://files.pythonhosted.org/packages/a8/a4/20da314d277121d6534b3a980b29035dcd51e6744bd79075a6ce8fa4eb8d/pytest-8.4.2-py3-none-any.whl", hash = "sha256:872f880de3fc3a5bdc88a11b39c9710c3497a547cfa9320bc3c5e62fbf272e79", size = 365750, upload-time = "2025-09-04T14:34:20.226Z" },
]

[[package]]
name = "pytest"
version = "9.1.1"
source = { registry = "https://pypi.org/simple" }
resolution-markers = [
    "python_full_version >= '3.10'",
]
dependencies = [
    { name = "colorama", marker = "python_full_version >= '3.10' and sys_platform == 'win32'" },
    { name = "exceptiongroup", marker = "python_full_version == '3.10.*'" },
    { name = "iniconfig", version = "2.3.0", source = { registry = "https://pypi.org/simple" }, marker = "python_full_version >= '3.10'" },
    { name = "packaging", marker = "python_full_version >= '3.10'" },
    { name = "pluggy", marker = "python_full_version >= '3.10'" },
    { name = "pygments", marker = "python_full_version >= '3.10'" },
    { name = "tomli", marker = "python_full_version == '3.10.*'" },
]
sdist = { url = "https://files.pythonhosted.org/packages/e4/47/b9efed96c114afcfa3c9d3fe98a76a1d14c74a9e266d397cf6eb64be5e01/pytest-9.1.1.tar.gz", hash = "sha256:1088fbde8f2b49d95a549a195707afa7a76a3ce9bcadc26b6d71f0ffda5fe313", size = 1636369, upload-time = "2026-06-19T10:58:32.857Z" }
wheels = [
    { url = "https://files.pythonhosted.org/packages/24/25/1de2678b631f5a49215c6c96fff41ba892b0a34df68d6d80292b1b48aa7f/pytest-9.1.1-py3-none-any.whl", hash = "sha256:37a86b45efb9a47a61a36449063e8e18d0cab3161329fc099eb21783169c4f0c", size = 386536, upload-time = "2026-06-19T10:58:31.347Z" },
]

[[package]]
name = "quixi-math"
version = "0.1.0"
source = { editable = "." }

[package.dev-dependencies]
dev = [
    { name = "pytest", version = "8.4.2", source = { registry = "https://pypi.org/simple" }, marker = "python_full_version < '3.10'" },
    { name = "pytest", version = "9.1.1", source = { registry = "https://pypi.org/simple" }, marker = "python_full_version >= '3.10'" },
]
release = [
    { name = "pyarrow" },
]

[package.metadata]

[package.metadata.requires-dev]
dev = [{ name = "pytest", specifier = ">=8.0" }]
release = [{ name = "pyarrow", specifier = "==20.0.0" }]

[[package]]
name = "tomli"
version = "2.4.1"
source = { registry = "https://pypi.org/simple" }
sdist = { url = "https://files.pythonhosted.org/packages/22/de/48c59722572767841493b26183a0d1cc411d54fd759c5607c4590b6563a6/tomli-2.4.1.tar.gz", hash = "sha256:7c7e1a961a0b2f2472c1ac5b69affa0ae1132c39adcb67aba98568702b9cc23f", size = 17543, upload-time = "2026-03-25T20:22:03.828Z" }
wheels = [
    { url = "https://files.pythonhosted.org/packages/f4/11/db3d5885d8528263d8adc260bb2d28ebf1270b96e98f0e0268d32b8d9900/tomli-2.4.1-cp311-cp311-macosx_10_9_x86_64.whl", hash = "sha256:f8f0fc26ec2cc2b965b7a3b87cd19c5c6b8c5e5f436b984e85f486d652285c30", size = 154704, upload-time = "2026-03-25T20:21:10.473Z" },
    { url = "https://files.pythonhosted.org/packages/6d/f7/675db52c7e46064a9aa928885a9b20f4124ecb9bc2e1ce74c9106648d202/tomli-2.4.1-cp311-cp311-macosx_11_0_arm64.whl", hash = "sha256:4ab97e64ccda8756376892c53a72bd1f964e519c77236368527f758fbc36a53a", size = 149454, upload-time = "2026-03-25T20:21:12.036Z" },
    { url = "https://files.pythonhosted.org/packages/61/71/81c50943cf953efa35bce7646caab3cf457a7d8c030b27cfb40d7235f9ee/tomli-2.4.1-cp311-cp311-manylinux2014_aarch64.manylinux_2_17_aarch64.manylinux_2_28_aarch64.whl", hash = "sha256:96481a5786729fd470164b47cdb3e0e58062a496f455ee41b4403be77cb5a076", size = 237561, upload-time = "2026-03-25T20:21:13.098Z" },
    { url = "https://files.pythonhosted.org/packages/48/c1/f41d9cb618acccca7df82aaf682f9b49013c9397212cb9f53219e3abac37/tomli-2.4.1-cp311-cp311-manylinux2014_x86_64.manylinux_2_17_x86_64.manylinux_2_28_x86_64.whl", hash = "sha256:5a881ab208c0baf688221f8cecc5401bd291d67e38a1ac884d6736cbcd8247e9", size = 243824, upload-time = "2026-03-25T20:21:14.569Z" },
    { url = "https://files.pythonhosted.org/packages/22/e4/5a816ecdd1f8ca51fb756ef684b90f2780afc52fc67f987e3c61d800a46d/tomli-2.4.1-cp311-cp311-musllinux_1_2_aarch64.whl", hash = "sha256:47149d5bd38761ac8be13a84864bf0b7b70bc051806bc3669ab1cbc56216b23c", size = 242227, upload-time = "2026-03-25T20:21:15.712Z" },
    { url = "https://files.pythonhosted.org/packages/6b/49/2b2a0ef529aa6eec245d25f0c703e020a73955ad7edf73e7f54ddc608aa5/tomli-2.4.1-cp311-cp311-musllinux_1_2_x86_64.whl", hash = "sha256:ec9bfaf3ad2df51ace80688143a6a4ebc09a248f6ff781a9945e51937008fcbc", size = 247859, upload-time = "2026-03-25T20:21:17.001Z" },
    { url = "https://files.pythonhosted.org/packages/83/bd/6c1a630eaca337e1e78c5903104f831bda934c426f9231429396ce3c3467/tomli-2.4.1-cp311-cp311-win32.whl", hash = "sha256:ff2983983d34813c1aeb0fa89091e76c3a22889ee83ab27c5eeb45100560c049", size = 97204, upload-time = "2026-03-25T20:21:18.079Z" },
    { url = "https://files.pythonhosted.org/packages/42/59/71461df1a885647e10b6bb7802d0b8e66480c61f3f43079e0dcd315b3954/tomli-2.4.1-cp311-cp311-win_amd64.whl", hash = "sha256:5ee18d9ebdb417e384b58fe414e8d6af9f4e7a0ae761519fb50f721de398dd4e", size = 108084, upload-time = "2026-03-25T20:21:18.978Z" },
    { url = "https://files.pythonhosted.org/packages/b8/83/dceca96142499c069475b790e7913b1044c1a4337e700751f48ed723f883/tomli-2.4.1-cp311-cp311-win_arm64.whl", hash = "sha256:c2541745709bad0264b7d4705ad453b76ccd191e64aa6f0fc66b69a293a45ece", size = 95285, upload-time = "2026-03-25T20:21:20.309Z" },
    { url = "https://files.pythonhosted.org/packages/c1/ba/42f134a3fe2b370f555f44b1d72feebb94debcab01676bf918d0cb70e9aa/tomli-2.4.1-cp312-cp312-macosx_10_13_x86_64.whl", hash = "sha256:c742f741d58a28940ce01d58f0ab2ea3ced8b12402f162f4d534dfe18ba1cd6a", size = 155924, upload-time = "2026-03-25T20:21:21.626Z" },
    { url = "https://files.pythonhosted.org/packages/dc/c7/62d7a17c26487ade21c5422b646110f2162f1fcc95980ef7f63e73c68f14/tomli-2.4.1-cp312-cp312-macosx_11_0_arm64.whl", hash = "sha256:7f86fd587c4ed9dd76f318225e7d9b29cfc5a9d43de44e5754db8d1128487085", size = 150018, upload-time = "2026-03-25T20:21:23.002Z" },
    { url = "https://files.pythonhosted.org/packages/5c/05/79d13d7c15f13bdef410bdd49a6485b1c37d28968314eabee452c22a7fda/tomli-2.4.1-cp312-cp312-manylinux2014_aarch64.manylinux_2_17_aarch64.manylinux_2_28_aarch64.whl", hash = "sha256:ff18e6a727ee0ab0388507b89d1bc6a22b138d1e2fa56d1ad494586d61d2eae9", size = 244948, upload-time = "2026-03-25T20:21:24.04Z" },
    { url = "https://files.pythonhosted.org/packages/10/90/d62ce007a1c80d0b2c93e02cab211224756240884751b94ca72df8a875ca/tomli-2.4.1-cp312-cp312-manylinux2014_x86_64.manylinux_2_17_x86_64.manylinux_2_28_x86_64.whl", hash = "sha256:136443dbd7e1dee43c68ac2694fde36b2849865fa258d39bf822c10e8068eac5", size = 253341, upload-time = "2026-03-25T20:21:25.177Z" },
    { url = "https://files.pythonhosted.org/packages/1a/7e/caf6496d60152ad4ed09282c1885cca4eea150bfd007da84aea07bcc0a3e/tomli-2.4.1-cp312-cp312-musllinux_1_2_aarch64.whl", hash = "sha256:5e262d41726bc187e69af7825504c933b6794dc3fbd5945e41a79bb14c31f585", size = 248159, upload-time = "2026-03-25T20:21:26.364Z" },
    { url = "https://files.pythonhosted.org/packages/99/e7/c6f69c3120de34bbd882c6fba7975f3d7a746e9218e56ab46a1bc4b42552/tomli-2.4.1-cp312-cp312-musllinux_1_2_x86_64.whl", hash = "sha256:5cb41aa38891e073ee49d55fbc7839cfdb2bc0e600add13874d048c94aadddd1", size = 253290, upload-time = "2026-03-25T20:21:27.46Z" },
    { url = "https://files.pythonhosted.org/packages/d6/2f/4a3c322f22c5c66c4b836ec58211641a4067364f5dcdd7b974b4c5da300c/tomli-2.4.1-cp312-cp312-win32.whl", hash = "sha256:da25dc3563bff5965356133435b757a795a17b17d01dbc0f42fb32447ddfd917", size = 98141, upload-time = "2026-03-25T20:21:28.492Z" },
    { url = "https://files.pythonhosted.org/packages/24/22/4daacd05391b92c55759d55eaee21e1dfaea86ce5c571f10083360adf534/tomli-2.4.1-cp312-cp312-win_amd64.whl", hash = "sha256:52c8ef851d9a240f11a88c003eacb03c31fc1c9c4ec64a99a0f922b93874fda9", size = 108847, upload-time = "2026-03-25T20:21:29.386Z" },
    { url = "https://files.pythonhosted.org/packages/68/fd/70e768887666ddd9e9f5d85129e84910f2db2796f9096aa02b721a53098d/tomli-2.4.1-cp312-cp312-win_arm64.whl", hash = "sha256:f758f1b9299d059cc3f6546ae2af89670cb1c4d48ea29c3cacc4fe7de3058257", size = 95088, upload-time = "2026-03-25T20:21:30.677Z" },
    { url = "https://files.pythonhosted.org/packages/07/06/b823a7e818c756d9a7123ba2cda7d07bc2dd32835648d1a7b7b7a05d848d/tomli-2.4.1-cp313-cp313-macosx_10_13_x86_64.whl", hash = "sha256:36d2bd2ad5fb9eaddba5226aa02c8ec3fa4f192631e347b3ed28186d43be6b54", size = 155866, upload-time = "2026-03-25T20:21:31.65Z" },
    { url = "https://files.pythonhosted.org/packages/14/6f/12645cf7f08e1a20c7eb8c297c6f11d31c1b50f316a7e7e1e1de6e2e7b7e/tomli-2.4.1-cp313-cp313-macosx_11_0_arm64.whl", hash = "sha256:eb0dc4e38e6a1fd579e5d50369aa2e10acfc9cace504579b2faabb478e76941a", size = 149887, upload-time = "2026-03-25T20:21:33.028Z" },
    { url = "https://files.pythonhosted.org/packages/5c/e0/90637574e5e7212c09099c67ad349b04ec4d6020324539297b634a0192b0/tomli-2.4.1-cp313-cp313-manylinux2014_aarch64.manylinux_2_17_aarch64.manylinux_2_28_aarch64.whl", hash = "sha256:c7f2c7f2b9ca6bdeef8f0fa897f8e05085923eb091721675170254cbc5b02897", size = 243704, upload-time = "2026-03-25T20:21:34.51Z" },
    { url = "https://files.pythonhosted.org/packages/10/8f/d3ddb16c5a4befdf31a23307f72828686ab2096f068eaf56631e136c1fdd/tomli-2.4.1-cp313-cp313-manylinux2014_x86_64.manylinux_2_17_x86_64.manylinux_2_28_x86_64.whl", hash = "sha256:f3c6818a1a86dd6dca7ddcaaf76947d5ba31aecc28cb1b67009a5877c9a64f3f", size = 251628, upload-time = "2026-03-25T20:21:36.012Z" },
    { url = "https://files.pythonhosted.org/packages/e3/f1/dbeeb9116715abee2485bf0a12d07a8f31af94d71608c171c45f64c0469d/tomli-2.4.1-cp313-cp313-musllinux_1_2_aarch64.whl", hash = "sha256:d312ef37c91508b0ab2cee7da26ec0b3ed2f03ce12bd87a588d771ae15dcf82d", size = 247180, upload-time = "2026-03-25T20:21:37.136Z" },
    { url = "https://files.pythonhosted.org/packages/d3/74/16336ffd19ed4da28a70959f92f506233bd7cfc2332b20bdb01591e8b1d1/tomli-2.4.1-cp313-cp313-musllinux_1_2_x86_64.whl", hash = "sha256:51529d40e3ca50046d7606fa99ce3956a617f9b36380da3b7f0dd3dd28e68cb5", size = 251674, upload-time = "2026-03-25T20:21:38.298Z" },
    { url = "https://files.pythonhosted.org/packages/16/f9/229fa3434c590ddf6c0aa9af64d3af4b752540686cace29e6281e3458469/tomli-2.4.1-cp313-cp313-win32.whl", hash = "sha256:2190f2e9dd7508d2a90ded5ed369255980a1bcdd58e52f7fe24b8162bf9fedbd", size = 97976, upload-time = "2026-03-25T20:21:39.316Z" },
    { url = "https://files.pythonhosted.org/packages/6a/1e/71dfd96bcc1c775420cb8befe7a9d35f2e5b1309798f009dca17b7708c1e/tomli-2.4.1-cp313-cp313-win_amd64.whl", hash = "sha256:8d65a2fbf9d2f8352685bc1364177ee3923d6baf5e7f43ea4959d7d8bc326a36", size = 108755, upload-time = "2026-03-25T20:21:40.248Z" },
    { url = "https://files.pythonhosted.org/packages/83/7a/d34f422a021d62420b78f5c538e5b102f62bea616d1d75a13f0a88acb04a/tomli-2.4.1-cp313-cp313-win_arm64.whl", hash = "sha256:4b605484e43cdc43f0954ddae319fb75f04cc10dd80d830540060ee7cd0243cd", size = 95265, upload-time = "2026-03-25T20:21:41.219Z" },
    { url = "https://files.pythonhosted.org/packages/3c/fb/9a5c8d27dbab540869f7c1f8eb0abb3244189ce780ba9cd73f3770662072/tomli-2.4.1-cp314-cp314-macosx_10_15_x86_64.whl", hash = "sha256:fd0409a3653af6c147209d267a0e4243f0ae46b011aa978b1080359fddc9b6cf", size = 155726, upload-time = "2026-03-25T20:21:42.23Z" },
    { url = "https://files.pythonhosted.org/packages/62/05/d2f816630cc771ad836af54f5001f47a6f611d2d39535364f148b6a92d6b/tomli-2.4.1-cp314-cp314-macosx_11_0_arm64.whl", hash = "sha256:a120733b01c45e9a0c34aeef92bf0cf1d56cfe81ed9d47d562f9ed591a9828ac", size = 149859, upload-time = "2026-03-25T20:21:43.386Z" },
    { url = "https://files.pythonhosted.org/packages/ce/48/66341bdb858ad9bd0ceab5a86f90eddab127cf8b046418009f2125630ecb/tomli-2.4.1-cp314-cp314-manylinux2014_aarch64.manylinux_2_17_aarch64.manylinux_2_28_aarch64.whl", hash = "sha256:559db847dc486944896521f68d8190be1c9e719fced785720d2216fe7022b662", size = 244713, upload-time = "2026-03-25T20:21:44.474Z" },
    { url = "https://files.pythonhosted.org/packages/df/6d/c5fad00d82b3c7a3ab6189bd4b10e60466f22cfe8a08a9394185c8a8111c/tomli-2.4.1-cp314-cp314-manylinux2014_x86_64.manylinux_2_17_x86_64.manylinux_2_28_x86_64.whl", hash = "sha256:01f520d4f53ef97964a240a035ec2a869fe1a37dde002b57ebc4417a27ccd853", size = 252084, upload-time = "2026-03-25T20:21:45.62Z" },
    { url = "https://files.pythonhosted.org/packages/00/71/3a69e86f3eafe8c7a59d008d245888051005bd657760e96d5fbfb0b740c2/tomli-2.4.1-cp314-cp314-musllinux_1_2_aarch64.whl", hash = "sha256:7f94b27a62cfad8496c8d2513e1a222dd446f095fca8987fceef261225538a15", size = 247973, upload-time = "2026-03-25T20:21:46.937Z" },
    { url = "https://files.pythonhosted.org/packages/67/50/361e986652847fec4bd5e4a0208752fbe64689c603c7ae5ea7cb16b1c0ca/tomli-2.4.1-cp314-cp314-musllinux_1_2_x86_64.whl", hash = "sha256:ede3e6487c5ef5d28634ba3f31f989030ad6af71edfb0055cbbd14189ff240ba", size = 256223, upload-time = "2026-03-25T20:21:48.467Z" },
    { url = "https://files.pythonhosted.org/packages/8c/9a/b4173689a9203472e5467217e0154b00e260621caa227b6fa01feab16998/tomli-2.4.1-cp314-cp314-win32.whl", hash = "sha256:3d48a93ee1c9b79c04bb38772ee1b64dcf18ff43085896ea460ca8dec96f35f6", size = 98973, upload-time = "2026-03-25T20:21:49.526Z" },
    { url = "https://files.pythonhosted.org/packages/14/58/640ac93bf230cd27d002462c9af0d837779f8773bc03dee06b5835208214/tomli-2.4.1-cp314-cp314-win_amd64.whl", hash = "sha256:88dceee75c2c63af144e456745e10101eb67361050196b0b6af5d717254dddf7", size = 109082, upload-time = "2026-03-25T20:21:50.506Z" },
    { url = "https://files.pythonhosted.org/packages/d5/2f/702d5e05b227401c1068f0d386d79a589bb12bf64c3d2c72ce0631e3bc49/tomli-2.4.1-cp314-cp314-win_arm64.whl", hash = "sha256:b8c198f8c1805dc42708689ed6864951fd2494f924149d3e4bce7710f8eb5232", size = 96490, upload-time = "2026-03-25T20:21:51.474Z" },
    { url = "https://files.pythonhosted.org/packages/45/4b/b877b05c8ba62927d9865dd980e34a755de541eb65fffba52b4cc495d4d2/tomli-2.4.1-cp314-cp314t-macosx_10_15_x86_64.whl", hash = "sha256:d4d8fe59808a54658fcc0160ecfb1b30f9089906c50b23bcb4c69eddc19ec2b4", size = 164263, upload-time = "2026-03-25T20:21:52.543Z" },
    { url = "https://files.pythonhosted.org/packages/24/79/6ab420d37a270b89f7195dec5448f79400d9e9c1826df982f3f8e97b24fd/tomli-2.4.1-cp314-cp314t-macosx_11_0_arm64.whl", hash = "sha256:7008df2e7655c495dd12d2a4ad038ff878d4ca4b81fccaf82b714e07eae4402c", size = 160736, upload-time = "2026-03-25T20:21:53.674Z" },
    { url = "https://files.pythonhosted.org/packages/02/e0/3630057d8eb170310785723ed5adcdfb7d50cb7e6455f85ba8a3deed642b/tomli-2.4.1-cp314-cp314t-manylinux2014_aarch64.manylinux_2_17_aarch64.manylinux_2_28_aarch64.whl", hash = "sha256:1d8591993e228b0c930c4bb0db464bdad97b3289fb981255d6c9a41aedc84b2d", size = 270717, upload-time = "2026-03-25T20:21:55.129Z" },
    { url = "https://files.pythonhosted.org/packages/7a/b4/1613716072e544d1a7891f548d8f9ec6ce2faf42ca65acae01d76ea06bb0/tomli-2.4.1-cp314-cp314t-manylinux2014_x86_64.manylinux_2_17_x86_64.manylinux_2_28_x86_64.whl", hash = "sha256:734e20b57ba95624ecf1841e72b53f6e186355e216e5412de414e3c51e5e3c41", size = 278461, upload-time = "2026-03-25T20:21:56.228Z" },
    { url = "https://files.pythonhosted.org/packages/05/38/30f541baf6a3f6df77b3df16b01ba319221389e2da59427e221ef417ac0c/tomli-2.4.1-cp314-cp314t-musllinux_1_2_aarch64.whl", hash = "sha256:8a650c2dbafa08d42e51ba0b62740dae4ecb9338eefa093aa5c78ceb546fcd5c", size = 274855, upload-time = "2026-03-25T20:21:57.653Z" },
    { url = "https://files.pythonhosted.org/packages/77/a3/ec9dd4fd2c38e98de34223b995a3b34813e6bdadf86c75314c928350ed14/tomli-2.4.1-cp314-cp314t-musllinux_1_2_x86_64.whl", hash = "sha256:504aa796fe0569bb43171066009ead363de03675276d2d121ac1a4572397870f", size = 283144, upload-time = "2026-03-25T20:21:59.089Z" },
    { url = "https://files.pythonhosted.org/packages/ef/be/605a6261cac79fba2ec0c9827e986e00323a1945700969b8ee0b30d85453/tomli-2.4.1-cp314-cp314t-win32.whl", hash = "sha256:b1d22e6e9387bf4739fbe23bfa80e93f6b0373a7f1b96c6227c32bef95a4d7a8", size = 108683, upload-time = "2026-03-25T20:22:00.214Z" },
    { url = "https://files.pythonhosted.org/packages/12/64/da524626d3b9cc40c168a13da8335fe1c51be12c0a63685cc6db7308daae/tomli-2.4.1-cp314-cp314t-win_amd64.whl", hash = "sha256:2c1c351919aca02858f740c6d33adea0c5deea37f9ecca1cc1ef9e884a619d26", size = 121196, upload-time = "2026-03-25T20:22:01.169Z" },
    { url = "https://files.pythonhosted.org/packages/5a/cd/e80b62269fc78fc36c9af5a6b89c835baa8af28ff5ad28c7028d60860320/tomli-2.4.1-cp314-cp314t-win_arm64.whl", hash = "sha256:eab21f45c7f66c13f2a9e0e1535309cee140182a9cdae1e041d02e47291e8396", size = 100393, upload-time = "2026-03-25T20:22:02.137Z" },
    { url = "https://files.pythonhosted.org/packages/7b/61/cceae43728b7de99d9b847560c262873a1f6c98202171fd5ed62640b494b/tomli-2.4.1-py3-none-any.whl", hash = "sha256:0d85819802132122da43cb86656f8d1f8c6587d54ae7dcaf30e90533028b49fe", size = 14583, upload-time = "2026-03-25T20:22:03.012Z" },
]

[[package]]
name = "typing-extensions"
version = "4.16.0"
source = { registry = "https://pypi.org/simple" }
sdist = { url = "https://files.pythonhosted.org/packages/f6/cc/6253133b5bb138fc3306cebfbda2c520f545d36b5be2c7255cc528bb45d6/typing_extensions-4.16.0.tar.gz", hash = "sha256:dc983d19a509c94dba722ee6abd33940f7c05a89e243c47e907eb4db6f1a43e5", size = 113555, upload-time = "2026-07-02T08:40:05.92Z" }
wheels = [
    { url = "https://files.pythonhosted.org/packages/49/d3/b8441a820a491ddfc024b0b0cf0393375b75ea13866d9c66727e54c2fc80/typing_extensions-4.16.0-py3-none-any.whl", hash = "sha256:481caa481374e813c1b176ada14e97f1f67a4539ce9cfeb3f350d78d6370c2e8", size = 45571, upload-time = "2026-07-02T08:40:04.659Z" },
]
